<?xml version="1.0" encoding="utf-8"?>
<Project ToolsVersion="4.0" xmlns="http://schemas.microsoft.com/developer/msbuild/2003">
  <ItemGroup>
    <Filter Include="Header Files">
      <UniqueIdentifier>{93995380-89BD-4b04-88EB-625FBE52EBFB}</UniqueIdentifier>
      <Extensions>h;hh;hpp;hxx;hm;inl;inc;ipp;xsd</Extensions>
    </Filter>
    <Filter Include="Resource Files">
      <UniqueIdentifier>{67DA6AB6-F800-4c08-8B7A-83BB121AAD01}</UniqueIdentifier>
      <Extensions>rc;ico;cur;bmp;dlg;rc2;rct;bin;rgs;gif;jpg;jpeg;jpe;resx;tiff;tif;png;wav;mfcribbon-ms</Extensions>
    </Filter>
    <Filter Include="JsonInterface">
      <UniqueIdentifier>{8e454833-a458-4b19-81ae-3437b11f87d2}</UniqueIdentifier>
    </Filter>
    <Filter Include="JsonInterface\Source">
      <UniqueIdentifier>{90ac1530-d851-4ba9-a335-1fc597e47855}</UniqueIdentifier>
    </Filter>
    <Filter Include="JsonInterface\Source\Public">
      <UniqueIdentifier>{8222143d-d772-4d3e-a3d4-1bfd664f9495}</UniqueIdentifier>
    </Filter>
    <Filter Include="JsonInterface\Source\Private">
      <UniqueIdentifier>{68e9edf5-cf0f-4587-8b92-214a123732e8}</UniqueIdentifier>
    </Filter>
    <Filter Include="Source">
      <UniqueIdentifier>{5ce81aef-247a-48e3-87aa-4d33861d80bd}</UniqueIdentifier>
    </Filter>
    <Filter Include="Source\Private">
      <UniqueIdentifier>{cb300ba1-19f8-4741-b793-7f3c08285238}</UniqueIdentifier>
    </Filter>
    <Filter Include="Source\Public">
      <UniqueIdentifier>{fdf8ffd7-65c5-4e2a-a54e-3161558b7660}</UniqueIdentifier>
    </Filter>
    <Filter Include="Source\Public\Components">
      <UniqueIdentifier>{8a8ef1ec-d643-42ea-aa8a-1ad95229cb2b}</UniqueIdentifier>
    </Filter>
    <Filter Include="Source\Private\Components">
      <UniqueIdentifier>{4fae78da-ece0-4305-a749-55dda9c93d58}</UniqueIdentifier>
    </Filter>
    <Filter Include="Source\Private\Utils">
      <UniqueIdentifier>{f416ebe1-64a7-4be9-8ae0-b7f22c238ed7}</UniqueIdentifier>
    </Filter>
    <Filter Include="Source\Public\Utils">
      <UniqueIdentifier>{07012492-3e56-4409-87aa-ec04e77d7fba}</UniqueIdentifier>
    </Filter>
    <Filter Include="Source\Public\Windows">
      <UniqueIdentifier>{eb4e063b-0fdf-4f8f-b9d6-41334d630a5a}</UniqueIdentifier>
    </Filter>
    <Filter Include="Source\Private\Windows">
      <UniqueIdentifier>{c68cf040-eb1e-4b28-8b02-836ee56260f6}</UniqueIdentifier>
    </Filter>
    <Filter Include="Source\Public\DataTypes">
      <UniqueIdentifier>{39294ec1-0ace-480c-9c99-97d3d3053c48}</UniqueIdentifier>
    </Filter>
    <Filter Include="Plugins">
      <UniqueIdentifier>{4fe10015-7c9e-4df0-a67a-418a12d3670a}</UniqueIdentifier>
    </Filter>
    <Filter Include="Plugins\Singleton">
      <UniqueIdentifier>{9937f2a8-5757-437e-89bc-b3c4eb2136bf}</UniqueIdentifier>
    </Filter>
    <Filter Include="Source\Public\Core">
      <UniqueIdentifier>{0d5ef903-b897-4a58-8fdd-d0cd7a1387e9}</UniqueIdentifier>
    </Filter>
    <Filter Include="Source\Private\Core">
      <UniqueIdentifier>{9f35237e-0fc1-4367-973b-960f159dc0b2}</UniqueIdentifier>
    </Filter>
    <Filter Include="Plugins\UI">
      <UniqueIdentifier>{ba463699-f7cc-4de5-8a01-8fb7cb8b18f6}</UniqueIdentifier>
    </Filter>
    <Filter Include="Plugins\UI\Private">
      <UniqueIdentifier>{609f2eb5-80db-410b-b61b-74d3cbe27d83}</UniqueIdentifier>
    </Filter>
    <Filter Include="Plugins\UI\Public">
      <UniqueIdentifier>{a4de67e8-811c-4a34-9172-1aa15531e90d}</UniqueIdentifier>
    </Filter>
    <Filter Include="Plugins\UI\Public\Components">
      <UniqueIdentifier>{2edd9923-a67f-438d-a917-287bf43d4cee}</UniqueIdentifier>
    </Filter>
    <Filter Include="Plugins\UI\Private\Components">
      <UniqueIdentifier>{d81bde5d-dba7-425b-b0a7-ba1ea5b72861}</UniqueIdentifier>
    </Filter>
  </ItemGroup>
  <ItemGroup>
    <ClInclude Include="framework.h">
      <Filter>Header Files</Filter>
    </ClInclude>
    <ClInclude Include="targetver.h">
      <Filter>Header Files</Filter>
    </ClInclude>
    <ClInclude Include="Resource.h">
      <Filter>Header Files</Filter>
    </ClInclude>
    <ClInclude Include="JsonInterface\JsonInterface.h">
      <Filter>JsonInterface</Filter>
    </ClInclude>
    <ClInclude Include="DataBaze.h">
      <Filter>Source\Public</Filter>
    </ClInclude>
    <ClInclude Include="Source\Public\Components\DBButton.h">
      <Filter>Source\Public\Components</Filter>
    </ClInclude>
    <ClInclude Include="Source\Public\Utils\DBFunctionLibrary.h">
      <Filter>Source\Public\Utils</Filter>
    </ClInclude>
    <ClInclude Include="Source\Public\Windows\DBWindowViewer.h">
      <Filter>Source\Public\Windows</Filter>
    </ClInclude>
    <ClInclude Include="Source\Public\Windows\DBWindowWriter.h">
      <Filter>Source\Public\Windows</Filter>
    </ClInclude>
    <ClInclude Include="Source\Public\Utils\DBKeyCodes.h">
      <Filter>Source\Public\Utils</Filter>
    </ClInclude>
    <ClInclude Include="Source\Public\DBInterface.h">
      <Filter>Source\Public</Filter>
    </ClInclude>
    <ClInclude Include="Source\Public\Components\DBDataManager.h">
      <Filter>Source\Public\Components</Filter>
    </ClInclude>
    <ClInclude Include="Source\Public\Components\DBWindowsManager.h">
      <Filter>Source\Public\Components</Filter>
    </ClInclude>
    <ClInclude Include="Source\Public\Utils\DBDelegate.h">
      <Filter>Source\Public\Utils</Filter>
    </ClInclude>
    <ClInclude Include="Source\Public\DBDataTypes.h">
      <Filter>Source\Public</Filter>
    </ClInclude>
    <ClInclude Include="Source\Public\DataTypes\Size2D.h">
      <Filter>Source\Public\DataTypes</Filter>
    </ClInclude>
    <ClInclude Include="Source\Public\Utils\DBJsonUtils.h">
      <Filter>Source\Public\Utils</Filter>
    </ClInclude>
    <ClInclude Include="Source\Public\Utils\DBCharCodes.h">
      <Filter>Source\Public\Utils</Filter>
    </ClInclude>
    <ClInclude Include="Plugins\Singleton\Singleton.h">
      <Filter>Plugins\Singleton</Filter>
    </ClInclude>
    <ClInclude Include="Source\Public\Core\DBInstance.h">
      <Filter>Source\Public\Core</Filter>
    </ClInclude>
    <ClInclude Include="Source\Public\Components\DBListBox.h">
      <Filter>Source\Public\Components</Filter>
    </ClInclude>
    <ClInclude Include="Source\Public\Components\DBButtonManager.h">
      <Filter>Source\Public\Components</Filter>
    </ClInclude>
    <ClInclude Include="Plugins\UI\UIDataTypes.h">
      <Filter>Plugins\UI</Filter>
    </ClInclude>
    <ClInclude Include="Plugins\UI\Public\Components\UIVerticalBox.h">
      <Filter>Plugins\UI\Public\Components</Filter>
    </ClInclude>
    <ClInclude Include="Plugins\UI\Public\Components\UISlot.h">
      <Filter>Plugins\UI\Public\Components</Filter>
    </ClInclude>
    <ClInclude Include="Plugins\UI\Public\UIContainer.h">
      <Filter>Plugins\UI\Public</Filter>
    </ClInclude>
    <ClInclude Include="Plugins\UI\Public\Components\UISpacer.h">
      <Filter>Plugins\UI\Public\Components</Filter>
    </ClInclude>
    <ClInclude Include="Plugins\UI\Public\UILibrary.h">
      <Filter>Plugins\UI\Public</Filter>
    </ClInclude>
    <ClInclude Include="Plugins\UI\Public\Components\UIHorizontalBox.h">
      <Filter>Plugins\UI\Public\Components</Filter>
    </ClInclude>
    <ClInclude Include="Source\Public\Core\DBCommandCenter.h">
      <Filter>Source\Public\Core</Filter>
    </ClInclude>
  </ItemGroup>
  <ItemGroup>
    <ClCompile Include="DataBaze.cpp">
      <Filter>Source\Private</Filter>
    </ClCompile>
    <ClCompile Include="Source\Private\Components\DBButton.cpp">
      <Filter>Source\Private\Components</Filter>
    </ClCompile>
    <ClCompile Include="Source\Private\Utils\DBFunctionLibrary.cpp">
      <Filter>Source\Private\Utils</Filter>
    </ClCompile>
    <ClCompile Include="Source\Private\Windows\DBWindowViewer.cpp">
      <Filter>Source\Private\Windows</Filter>
    </ClCompile>
    <ClCompile Include="Source\Private\Windows\DBWindowWriter.cpp">
      <Filter>Source\Private\Windows</Filter>
    </ClCompile>
    <ClCompile Include="Source\Private\DBInterface.cpp">
      <Filter>Source\Private</Filter>
    </ClCompile>
    <ClCompile Include="Source\Private\Components\DBDataManager.cpp">
      <Filter>Source\Private\Components</Filter>
    </ClCompile>
    <ClCompile Include="Source\Private\Components\DBWindowsManager.cpp">
      <Filter>Source\Private\Components</Filter>
    </ClCompile>
    <ClCompile Include="Source\Private\DBDataTypes.cpp">
      <Filter>Source\Private</Filter>
    </ClCompile>
    <ClCompile Include="Source\Private\DBJsonUtils.cpp">
      <Filter>Source\Private\Utils</Filter>
    </ClCompile>
    <ClCompile Include="Source\Private\Core\DBInstance.cpp">
      <Filter>Source\Private\Core</Filter>
    </ClCompile>
    <ClCompile Include="Plugins\Singleton\Singleton.cpp">
      <Filter>Plugins\Singleton</Filter>
    </ClCompile>
    <ClCompile Include="Source\Private\Components\DBListBox.cpp">
      <Filter>Source\Private\Components</Filter>
    </ClCompile>
    <ClCompile Include="Source\Private\Components\DBButtonManager.cpp">
      <Filter>Source\Private\Components</Filter>
    </ClCompile>
    <ClCompile Include="Plugins\UI\Private\Components\UIVerticalBox.cpp">
      <Filter>Plugins\UI\Private\Components</Filter>
    </ClCompile>
    <ClCompile Include="Plugins\UI\Private\Components\UISlot.cpp">
      <Filter>Plugins\UI\Private\Components</Filter>
    </ClCompile>
    <ClCompile Include="Plugins\UI\Private\UIContainer.cpp">
      <Filter>Plugins\UI\Private</Filter>
    </ClCompile>
    <ClCompile Include="Plugins\UI\Private\Components\UISpacer.cpp">
      <Filter>Plugins\UI\Private\Components</Filter>
    </ClCompile>
    <ClCompile Include="Plugins\UI\Private\UILibrary.cpp">
      <Filter>Plugins\UI\Private</Filter>
    </ClCompile>
    <ClCompile Include="Plugins\UI\Private\Components\UIHorizontalBox.cpp">
      <Filter>Plugins\UI\Private\Components</Filter>
    </ClCompile>
    <ClCompile Include="Source\Private\Core\DBCommandCenter.cpp">
      <Filter>Source\Private\Core</Filter>
    </ClCompile>
  </ItemGroup>
  <ItemGroup>
    <ResourceCompile Include="DataBaze.rc">
      <Filter>Resource Files</Filter>
    </ResourceCompile>
  </ItemGroup>
  <ItemGroup>
    <Image Include="small.ico">
      <Filter>Resource Files</Filter>
    </Image>
    <Image Include="DataBaze.ico">
      <Filter>Resource Files</Filter>
    </Image>
  </ItemGroup>
</Project>